
Microsoft Visual Studio Solution File, Format Version 12.00
# Visual Studio Version 17
VisualStudioVersion = 17.9.34616.47
MinimumVisualStudioVersion = 10.0.40219.1
Project("{8BC9CEB8-8B4A-11D0-8D11-00A0C91BC942}") = "199_D_looping", "199_D_looping\199_D_looping.vcxproj", "{576D1524-0091-49D4-801C-2A07751635E6}"
EndProject
Project("{8BC9CEB8-8B4A-11D0-8D11-00A0C91BC942}") = "199_WhileLoop", "199_WhileLoop\199_WhileLoop.vcxproj", "{3CC3243B-5173-48AD-8D7A-0152AA4772FD}"
EndProject
Project("{8BC9CEB8-8B4A-11D0-8D11-00A0C91BC942}") = "199_ DoWhile", "199_ DoWhile\199_ DoWhile.vcxproj", "{2682A77A-994B-4B94-9EF7-AD2971EC4D6F}"
EndProject
Project("{8BC9CEB8-8B4A-11D0-8D11-00A0C91BC942}") = "199_menghitung persegi panjang", "199_menghitung persegi panjang\199_menghitung persegi panjang.vcxproj", "{254BC40B-3EAE-4B1C-AB2A-950685E40B4A}"
EndProject
Project("{8BC9CEB8-8B4A-11D0-8D11-00A0C91BC942}") = "199_menghitung luas persegi", "199_menghitung luas persegi\199_menghitung luas persegi.vcxproj", "{E86E1B5B-4E7C-4B6E-9897-F8F98C3A4DAC}"
EndProject
Global
	GlobalSection(SolutionConfigurationPlatforms) = preSolution
		Debug|x64 = Debug|x64
		Debug|x86 = Debug|x86
		Release|x64 = Release|x64
		Release|x86 = Release|x86
	EndGlobalSection
	GlobalSection(ProjectConfigurationPlatforms) = postSolution
		{576D1524-0091-49D4-801C-2A07751635E6}.Debug|x64.ActiveCfg = Debug|x64
		{576D1524-0091-49D4-801C-2A07751635E6}.Debug|x64.Build.0 = Debug|x64
		{576D1524-0091-49D4-801C-2A07751635E6}.Debug|x86.ActiveCfg = Debug|Win32
		{576D1524-0091-49D4-801C-2A07751635E6}.Debug|x86.Build.0 = Debug|Win32
		{576D1524-0091-49D4-801C-2A07751635E6}.Release|x64.ActiveCfg = Release|x64
		{576D1524-0091-49D4-801C-2A07751635E6}.Release|x64.Build.0 = Release|x64
		{576D1524-0091-49D4-801C-2A07751635E6}.Release|x86.ActiveCfg = Release|Win32
		{576D1524-0091-49D4-801C-2A07751635E6}.Release|x86.Build.0 = Release|Win32
		{3CC3243B-5173-48AD-8D7A-0152AA4772FD}.Debug|x64.ActiveCfg = Debug|x64
		{3CC3243B-5173-48AD-8D7A-0152AA4772FD}.Debug|x64.Build.0 = Debug|x64
		{3CC3243B-5173-48AD-8D7A-0152AA4772FD}.Debug|x86.ActiveCfg = Debug|Win32
		{3CC3243B-5173-48AD-8D7A-0152AA4772FD}.Debug|x86.Build.0 = Debug|Win32
		{3CC3243B-5173-48AD-8D7A-0152AA4772FD}.Release|x64.ActiveCfg = Release|x64
		{3CC3243B-5173-48AD-8D7A-0152AA4772FD}.Release|x64.Build.0 = Release|x64
		{3CC3243B-5173-48AD-8D7A-0152AA4772FD}.Release|x86.ActiveCfg = Release|Win32
		{3CC3243B-5173-48AD-8D7A-0152AA4772FD}.Release|x86.Build.0 = Release|Win32
		{2682A77A-994B-4B94-9EF7-AD2971EC4D6F}.Debug|x64.ActiveCfg = Debug|x64
		{2682A77A-994B-4B94-9EF7-AD2971EC4D6F}.Debug|x64.Build.0 = Debug|x64
		{2682A77A-994B-4B94-9EF7-AD2971EC4D6F}.Debug|x86.ActiveCfg = Debug|Win32
		{2682A77A-994B-4B94-9EF7-AD2971EC4D6F}.Debug|x86.Build.0 = Debug|Win32
		{2682A77A-994B-4B94-9EF7-AD2971EC4D6F}.Release|x64.ActiveCfg = Release|x64
		{2682A77A-994B-4B94-9EF7-AD2971EC4D6F}.Release|x64.Build.0 = Release|x64
		{2682A77A-994B-4B94-9EF7-AD2971EC4D6F}.Release|x86.ActiveCfg = Release|Win32
		{2682A77A-994B-4B94-9EF7-AD2971EC4D6F}.Release|x86.Build.0 = Release|Win32
		{254BC40B-3EAE-4B1C-AB2A-950685E40B4A}.Debug|x64.ActiveCfg = Debug|x64
		{254BC40B-3EAE-4B1C-AB2A-950685E40B4A}.Debug|x64.Build.0 = Debug|x64
		{254BC40B-3EAE-4B1C-AB2A-950685E40B4A}.Debug|x86.ActiveCfg = Debug|Win32
		{254BC40B-3EAE-4B1C-AB2A-950685E40B4A}.Debug|x86.Build.0 = Debug|Win32
		{254BC40B-3EAE-4B1C-AB2A-950685E40B4A}.Release|x64.ActiveCfg = Release|x64
		{254BC40B-3EAE-4B1C-AB2A-950685E40B4A}.Release|x64.Build.0 = Release|x64
		{254BC40B-3EAE-4B1C-AB2A-950685E40B4A}.Release|x86.ActiveCfg = Release|Win32
		{254BC40B-3EAE-4B1C-AB2A-950685E40B4A}.Release|x86.Build.0 = Release|Win32
		{E86E1B5B-4E7C-4B6E-9897-F8F98C3A4DAC}.Debug|x64.ActiveCfg = Debug|x64
		{E86E1B5B-4E7C-4B6E-9897-F8F98C3A4DAC}.Debug|x64.Build.0 = Debug|x64
		{E86E1B5B-4E7C-4B6E-9897-F8F98C3A4DAC}.Debug|x86.ActiveCfg = Debug|Win32
		{E86E1B5B-4E7C-4B6E-9897-F8F98C3A4DAC}.Debug|x86.Build.0 = Debug|Win32
		{E86E1B5B-4E7C-4B6E-9897-F8F98C3A4DAC}.Release|x64.ActiveCfg = Release|x64
		{E86E1B5B-4E7C-4B6E-9897-F8F98C3A4DAC}.Release|x64.Build.0 = Release|x64
		{E86E1B5B-4E7C-4B6E-9897-F8F98C3A4DAC}.Release|x86.ActiveCfg = Release|Win32
		{E86E1B5B-4E7C-4B6E-9897-F8F98C3A4DAC}.Release|x86.Build.0 = Release|Win32
	EndGlobalSection
	GlobalSection(SolutionProperties) = preSolution
		HideSolutionNode = FALSE
	EndGlobalSection
	GlobalSection(ExtensibilityGlobals) = postSolution
		SolutionGuid = {C0BDD760-5478-4B47-93C7-9FB035CF6DC4}
	EndGlobalSection
EndGlobal
